
Microsoft Visual Studio Solution File, Format Version 12.00
# Visual Studio Version 17
VisualStudioVersion = 17.0.31919.166
MinimumVisualStudioVersion = 10.0.40219.1
Project("{FAE04EC0-301F-11D3-BF4B-00C04F79EFBC}") = "MatchRank", "MatchRank\MatchRank.csproj", "{8FB8B129-5DA3-4E09-BB64-FDD3995EADCC}"
EndProject
Project("{FAE04EC0-301F-11D3-BF4B-00C04F79EFBC}") = "MatchRank.Test", "MatchRank.Test\MatchRank.Test.csproj", "{1863C962-7DCF-41CD-B86A-3FE2E873C23E}"
EndProject
Global
	GlobalSection(SolutionConfigurationPlatforms) = preSolution
		Debug|Any CPU = Debug|Any CPU
		Release|Any CPU = Release|Any CPU
	EndGlobalSection
	GlobalSection(ProjectConfigurationPlatforms) = postSolution
		{8FB8B129-5DA3-4E09-BB64-FDD3995EADCC}.Debug|Any CPU.ActiveCfg = Debug|Any CPU
		{8FB8B129-5DA3-4E09-BB64-FDD3995EADCC}.Debug|Any CPU.Build.0 = Debug|Any CPU
		{8FB8B129-5DA3-4E09-BB64-FDD3995EADCC}.Release|Any CPU.ActiveCfg = Release|Any CPU
		{8FB8B129-5DA3-4E09-BB64-FDD3995EADCC}.Release|Any CPU.Build.0 = Release|Any CPU
		{1863C962-7DCF-41CD-B86A-3FE2E873C23E}.Debug|Any CPU.ActiveCfg = Debug|Any CPU
		{1863C962-7DCF-41CD-B86A-3FE2E873C23E}.Debug|Any CPU.Build.0 = Debug|Any CPU
		{1863C962-7DCF-41CD-B86A-3FE2E873C23E}.Release|Any CPU.ActiveCfg = Release|Any CPU
		{1863C962-7DCF-41CD-B86A-3FE2E873C23E}.Release|Any CPU.Build.0 = Release|Any CPU
	EndGlobalSection
	GlobalSection(SolutionProperties) = preSolution
		HideSolutionNode = FALSE
	EndGlobalSection
	GlobalSection(ExtensibilityGlobals) = postSolution
		SolutionGuid = {CCB29770-03BC-4344-B7C8-6D0D72C539BF}
	EndGlobalSection
EndGlobal
